
Microsoft Visual Studio Solution File, Format Version 12.00
# Visual Studio Version 17
VisualStudioVersion = 17.2.32526.322
MinimumVisualStudioVersion = 10.0.40219.1
Project("{8BC9CEB8-8B4A-11D0-8D11-00A0C91BC942}") = "DivaNoSpy", "DivaNoSpy\DivaNoSpy.vcxproj", "{EA47E269-6941-475F-B5A0-7B08397201A5}"
EndProject
Project("{8BC9CEB8-8B4A-11D0-8D11-00A0C91BC942}") = "DivaScoreCap", "DivaScoreCap\DivaScoreCap.vcxproj", "{ACBB0D82-1D84-4E26-A437-80ACF33C3979}"
EndProject
Project("{8BC9CEB8-8B4A-11D0-8D11-00A0C91BC942}") = "DivaSecrets", "DivaSecrets\DivaSecrets.vcxproj", "{04A41A57-778D-4249-B836-A09515CCAEE0}"
EndProject
Global
	GlobalSection(SolutionConfigurationPlatforms) = preSolution
		Debug|x64 = Debug|x64
		Debug|x86 = Debug|x86
		Release|x64 = Release|x64
		Release|x86 = Release|x86
	EndGlobalSection
	GlobalSection(ProjectConfigurationPlatforms) = postSolution
		{EA47E269-6941-475F-B5A0-7B08397201A5}.Debug|x64.ActiveCfg = Debug|x64
		{EA47E269-6941-475F-B5A0-7B08397201A5}.Debug|x64.Build.0 = Debug|x64
		{EA47E269-6941-475F-B5A0-7B08397201A5}.Debug|x86.ActiveCfg = Debug|Win32
		{EA47E269-6941-475F-B5A0-7B08397201A5}.Debug|x86.Build.0 = Debug|Win32
		{EA47E269-6941-475F-B5A0-7B08397201A5}.Release|x64.ActiveCfg = Release|x64
		{EA47E269-6941-475F-B5A0-7B08397201A5}.Release|x64.Build.0 = Release|x64
		{EA47E269-6941-475F-B5A0-7B08397201A5}.Release|x86.ActiveCfg = Release|Win32
		{EA47E269-6941-475F-B5A0-7B08397201A5}.Release|x86.Build.0 = Release|Win32
		{ACBB0D82-1D84-4E26-A437-80ACF33C3979}.Debug|x64.ActiveCfg = Debug|x64
		{ACBB0D82-1D84-4E26-A437-80ACF33C3979}.Debug|x64.Build.0 = Debug|x64
		{ACBB0D82-1D84-4E26-A437-80ACF33C3979}.Debug|x86.ActiveCfg = Debug|Win32
		{ACBB0D82-1D84-4E26-A437-80ACF33C3979}.Debug|x86.Build.0 = Debug|Win32
		{ACBB0D82-1D84-4E26-A437-80ACF33C3979}.Release|x64.ActiveCfg = Release|x64
		{ACBB0D82-1D84-4E26-A437-80ACF33C3979}.Release|x64.Build.0 = Release|x64
		{ACBB0D82-1D84-4E26-A437-80ACF33C3979}.Release|x86.ActiveCfg = Release|Win32
		{ACBB0D82-1D84-4E26-A437-80ACF33C3979}.Release|x86.Build.0 = Release|Win32
		{04A41A57-778D-4249-B836-A09515CCAEE0}.Debug|x64.ActiveCfg = Debug|x64
		{04A41A57-778D-4249-B836-A09515CCAEE0}.Debug|x64.Build.0 = Debug|x64
		{04A41A57-778D-4249-B836-A09515CCAEE0}.Debug|x86.ActiveCfg = Debug|Win32
		{04A41A57-778D-4249-B836-A09515CCAEE0}.Debug|x86.Build.0 = Debug|Win32
		{04A41A57-778D-4249-B836-A09515CCAEE0}.Release|x64.ActiveCfg = Release|x64
		{04A41A57-778D-4249-B836-A09515CCAEE0}.Release|x64.Build.0 = Release|x64
		{04A41A57-778D-4249-B836-A09515CCAEE0}.Release|x86.ActiveCfg = Release|Win32
		{04A41A57-778D-4249-B836-A09515CCAEE0}.Release|x86.Build.0 = Release|Win32
	EndGlobalSection
	GlobalSection(SolutionProperties) = preSolution
		HideSolutionNode = FALSE
	EndGlobalSection
	GlobalSection(ExtensibilityGlobals) = postSolution
		SolutionGuid = {27A3F7C5-1744-4757-B315-1DFFF4C8B863}
	EndGlobalSection
EndGlobal
